
Microsoft Visual Studio Solution File, Format Version 12.00
# Visual Studio Version 17
VisualStudioVersion = 17.14.36429.23
MinimumVisualStudioVersion = 10.0.40219.1
Project("{FAE04EC0-301F-11D3-BF4B-00C04F79EFBC}") = "Reto2.API", "Reto2\Reto2.API.csproj", "{DDC4D48B-2777-462D-9C79-5D755B586C19}"
EndProject
Project("{FAE04EC0-301F-11D3-BF4B-00C04F79EFBC}") = "Reto2.Application", "Application\Reto2.Application.csproj", "{14467811-71B5-4E0E-B2B9-C1167ED9F957}"
EndProject
Project("{FAE04EC0-301F-11D3-BF4B-00C04F79EFBC}") = "Reto2.Domain", "Domain\Reto2.Domain.csproj", "{CF30937F-52D7-4DC8-B3CA-8323FDD62E72}"
EndProject
Project("{FAE04EC0-301F-11D3-BF4B-00C04F79EFBC}") = "Reto2.Infrastructure", "Infrastructure\Reto2.Infrastructure.csproj", "{527CAB29-C50C-42B8-83E6-E995C2A8514D}"
EndProject
Project("{2150E333-8FDC-42A3-9474-1A3956D46DE8}") = "src", "src", "{02EA681E-C7D8-13C7-8484-4AC65E1B71E8}"
EndProject
Project("{2150E333-8FDC-42A3-9474-1A3956D46DE8}") = "Orders", "Orders", "{1B7AFD4E-C2B7-4638-9A2E-96F86FDA9B70}"
EndProject
Project("{2150E333-8FDC-42A3-9474-1A3956D46DE8}") = "Pagos", "Pagos", "{C6D1F2F6-B07A-4193-A072-18EC07F96157}"
EndProject
Project("{FAE04EC0-301F-11D3-BF4B-00C04F79EFBC}") = "PagosApi", "Pagos\PagosApi\PagosApi.csproj", "{14A68CD4-649C-453D-888C-9DBCC6C39097}"
EndProject
Project("{FAE04EC0-301F-11D3-BF4B-00C04F79EFBC}") = "Infrastructure", "Pagos\Infrastructure\Infrastructure.csproj", "{8C670784-C024-45EE-9F35-E423F4CC6617}"
EndProject
Project("{FAE04EC0-301F-11D3-BF4B-00C04F79EFBC}") = "Domain", "Pagos\Domain\Domain.csproj", "{8F31646A-7679-413C-853A-7A867C7DD431}"
EndProject
Project("{FAE04EC0-301F-11D3-BF4B-00C04F79EFBC}") = "Application", "Pagos\Application\Application.csproj", "{81402DF3-2094-453F-B3A3-8824A4DA2294}"
EndProject
Project("{2150E333-8FDC-42A3-9474-1A3956D46DE8}") = "Files", "Files", "{5566C1EC-7BEF-452F-8135-305020613908}"
	ProjectSection(SolutionItems) = preProject
		Reto2\deployment-gateway.yaml = Reto2\deployment-gateway.yaml
		Reto2\deployment-order.yaml = Reto2\deployment-order.yaml
		Reto2\deployment-pagos.yaml = Reto2\deployment-pagos.yaml
		Reto2\deployment-worker.yaml = Reto2\deployment-worker.yaml
		docker-compose.yml = docker-compose.yml
		Reto2\service-gateway.yaml = Reto2\service-gateway.yaml
		Reto2\service-order.yaml = Reto2\service-order.yaml
		Reto2\service-pagos.yaml = Reto2\service-pagos.yaml
		Reto2\service-worker.yaml = Reto2\service-worker.yaml
	EndProjectSection
EndProject
Project("{2150E333-8FDC-42A3-9474-1A3956D46DE8}") = "Worker", "Worker", "{153C9538-006A-4D4E-BF67-CA6D6BC7E305}"
EndProject
Project("{FAE04EC0-301F-11D3-BF4B-00C04F79EFBC}") = "Orders.Worker", "Orders.Worker\Orders.Worker.csproj", "{88AB40E2-0E44-49CB-A840-0482B39458AB}"
EndProject
Project("{FAE04EC0-301F-11D3-BF4B-00C04F79EFBC}") = "Worker.Infrastructure", "Worker.Infrastructure\Worker.Infrastructure.csproj", "{A74AB1CF-7C5B-40F9-BC8F-7827C19CD09C}"
EndProject
Project("{FAE04EC0-301F-11D3-BF4B-00C04F79EFBC}") = "Worker.Domain", "Worker.Domain\Worker.Domain.csproj", "{FD1FC5D1-58DF-4852-A01C-0DDBCCAA4F7F}"
EndProject
Project("{FAE04EC0-301F-11D3-BF4B-00C04F79EFBC}") = "Worker.Application", "Worker.Application\Worker.Application.csproj", "{31786726-83ED-40F6-905A-7B9C55899EC8}"
EndProject
Project("{2150E333-8FDC-42A3-9474-1A3956D46DE8}") = "Gateway", "Gateway", "{BA99DC89-065F-4395-9B21-3975892D0565}"
EndProject
Project("{2150E333-8FDC-42A3-9474-1A3956D46DE8}") = "Contracts", "Contracts", "{A02D0B21-554C-4170-8276-CDAE0C4BAF1A}"
EndProject
Project("{FAE04EC0-301F-11D3-BF4B-00C04F79EFBC}") = "Orders.Contracts", "Orders.Contracts\Orders.Contracts.csproj", "{2054ED71-0072-4F19-AD9B-DEFCCB8C0D6F}"
EndProject
Project("{FAE04EC0-301F-11D3-BF4B-00C04F79EFBC}") = "ApiGateway", "ApiGateway\ApiGateway.csproj", "{2DBE8EE4-D556-4A3D-BFA7-1CDA0712C151}"
EndProject
Global
	GlobalSection(SolutionConfigurationPlatforms) = preSolution
		Debug|Any CPU = Debug|Any CPU
		Release|Any CPU = Release|Any CPU
	EndGlobalSection
	GlobalSection(ProjectConfigurationPlatforms) = postSolution
		{DDC4D48B-2777-462D-9C79-5D755B586C19}.Debug|Any CPU.ActiveCfg = Debug|Any CPU
		{DDC4D48B-2777-462D-9C79-5D755B586C19}.Debug|Any CPU.Build.0 = Debug|Any CPU
		{DDC4D48B-2777-462D-9C79-5D755B586C19}.Release|Any CPU.ActiveCfg = Release|Any CPU
		{DDC4D48B-2777-462D-9C79-5D755B586C19}.Release|Any CPU.Build.0 = Release|Any CPU
		{14467811-71B5-4E0E-B2B9-C1167ED9F957}.Debug|Any CPU.ActiveCfg = Debug|Any CPU
		{14467811-71B5-4E0E-B2B9-C1167ED9F957}.Debug|Any CPU.Build.0 = Debug|Any CPU
		{14467811-71B5-4E0E-B2B9-C1167ED9F957}.Release|Any CPU.ActiveCfg = Release|Any CPU
		{14467811-71B5-4E0E-B2B9-C1167ED9F957}.Release|Any CPU.Build.0 = Release|Any CPU
		{CF30937F-52D7-4DC8-B3CA-8323FDD62E72}.Debug|Any CPU.ActiveCfg = Debug|Any CPU
		{CF30937F-52D7-4DC8-B3CA-8323FDD62E72}.Debug|Any CPU.Build.0 = Debug|Any CPU
		{CF30937F-52D7-4DC8-B3CA-8323FDD62E72}.Release|Any CPU.ActiveCfg = Release|Any CPU
		{CF30937F-52D7-4DC8-B3CA-8323FDD62E72}.Release|Any CPU.Build.0 = Release|Any CPU
		{527CAB29-C50C-42B8-83E6-E995C2A8514D}.Debug|Any CPU.ActiveCfg = Debug|Any CPU
		{527CAB29-C50C-42B8-83E6-E995C2A8514D}.Debug|Any CPU.Build.0 = Debug|Any CPU
		{527CAB29-C50C-42B8-83E6-E995C2A8514D}.Release|Any CPU.ActiveCfg = Release|Any CPU
		{527CAB29-C50C-42B8-83E6-E995C2A8514D}.Release|Any CPU.Build.0 = Release|Any CPU
		{14A68CD4-649C-453D-888C-9DBCC6C39097}.Debug|Any CPU.ActiveCfg = Debug|Any CPU
		{14A68CD4-649C-453D-888C-9DBCC6C39097}.Debug|Any CPU.Build.0 = Debug|Any CPU
		{14A68CD4-649C-453D-888C-9DBCC6C39097}.Release|Any CPU.ActiveCfg = Release|Any CPU
		{14A68CD4-649C-453D-888C-9DBCC6C39097}.Release|Any CPU.Build.0 = Release|Any CPU
		{8C670784-C024-45EE-9F35-E423F4CC6617}.Debug|Any CPU.ActiveCfg = Debug|Any CPU
		{8C670784-C024-45EE-9F35-E423F4CC6617}.Debug|Any CPU.Build.0 = Debug|Any CPU
		{8C670784-C024-45EE-9F35-E423F4CC6617}.Release|Any CPU.ActiveCfg = Release|Any CPU
		{8C670784-C024-45EE-9F35-E423F4CC6617}.Release|Any CPU.Build.0 = Release|Any CPU
		{8F31646A-7679-413C-853A-7A867C7DD431}.Debug|Any CPU.ActiveCfg = Debug|Any CPU
		{8F31646A-7679-413C-853A-7A867C7DD431}.Debug|Any CPU.Build.0 = Debug|Any CPU
		{8F31646A-7679-413C-853A-7A867C7DD431}.Release|Any CPU.ActiveCfg = Release|Any CPU
		{8F31646A-7679-413C-853A-7A867C7DD431}.Release|Any CPU.Build.0 = Release|Any CPU
		{81402DF3-2094-453F-B3A3-8824A4DA2294}.Debug|Any CPU.ActiveCfg = Debug|Any CPU
		{81402DF3-2094-453F-B3A3-8824A4DA2294}.Debug|Any CPU.Build.0 = Debug|Any CPU
		{81402DF3-2094-453F-B3A3-8824A4DA2294}.Release|Any CPU.ActiveCfg = Release|Any CPU
		{81402DF3-2094-453F-B3A3-8824A4DA2294}.Release|Any CPU.Build.0 = Release|Any CPU
		{88AB40E2-0E44-49CB-A840-0482B39458AB}.Debug|Any CPU.ActiveCfg = Debug|Any CPU
		{88AB40E2-0E44-49CB-A840-0482B39458AB}.Debug|Any CPU.Build.0 = Debug|Any CPU
		{88AB40E2-0E44-49CB-A840-0482B39458AB}.Release|Any CPU.ActiveCfg = Release|Any CPU
		{88AB40E2-0E44-49CB-A840-0482B39458AB}.Release|Any CPU.Build.0 = Release|Any CPU
		{A74AB1CF-7C5B-40F9-BC8F-7827C19CD09C}.Debug|Any CPU.ActiveCfg = Debug|Any CPU
		{A74AB1CF-7C5B-40F9-BC8F-7827C19CD09C}.Debug|Any CPU.Build.0 = Debug|Any CPU
		{A74AB1CF-7C5B-40F9-BC8F-7827C19CD09C}.Release|Any CPU.ActiveCfg = Release|Any CPU
		{A74AB1CF-7C5B-40F9-BC8F-7827C19CD09C}.Release|Any CPU.Build.0 = Release|Any CPU
		{FD1FC5D1-58DF-4852-A01C-0DDBCCAA4F7F}.Debug|Any CPU.ActiveCfg = Debug|Any CPU
		{FD1FC5D1-58DF-4852-A01C-0DDBCCAA4F7F}.Debug|Any CPU.Build.0 = Debug|Any CPU
		{FD1FC5D1-58DF-4852-A01C-0DDBCCAA4F7F}.Release|Any CPU.ActiveCfg = Release|Any CPU
		{FD1FC5D1-58DF-4852-A01C-0DDBCCAA4F7F}.Release|Any CPU.Build.0 = Release|Any CPU
		{31786726-83ED-40F6-905A-7B9C55899EC8}.Debug|Any CPU.ActiveCfg = Debug|Any CPU
		{31786726-83ED-40F6-905A-7B9C55899EC8}.Debug|Any CPU.Build.0 = Debug|Any CPU
		{31786726-83ED-40F6-905A-7B9C55899EC8}.Release|Any CPU.ActiveCfg = Release|Any CPU
		{31786726-83ED-40F6-905A-7B9C55899EC8}.Release|Any CPU.Build.0 = Release|Any CPU
		{2054ED71-0072-4F19-AD9B-DEFCCB8C0D6F}.Debug|Any CPU.ActiveCfg = Debug|Any CPU
		{2054ED71-0072-4F19-AD9B-DEFCCB8C0D6F}.Debug|Any CPU.Build.0 = Debug|Any CPU
		{2054ED71-0072-4F19-AD9B-DEFCCB8C0D6F}.Release|Any CPU.ActiveCfg = Release|Any CPU
		{2054ED71-0072-4F19-AD9B-DEFCCB8C0D6F}.Release|Any CPU.Build.0 = Release|Any CPU
		{2DBE8EE4-D556-4A3D-BFA7-1CDA0712C151}.Debug|Any CPU.ActiveCfg = Debug|Any CPU
		{2DBE8EE4-D556-4A3D-BFA7-1CDA0712C151}.Debug|Any CPU.Build.0 = Debug|Any CPU
		{2DBE8EE4-D556-4A3D-BFA7-1CDA0712C151}.Release|Any CPU.ActiveCfg = Release|Any CPU
		{2DBE8EE4-D556-4A3D-BFA7-1CDA0712C151}.Release|Any CPU.Build.0 = Release|Any CPU
	EndGlobalSection
	GlobalSection(SolutionProperties) = preSolution
		HideSolutionNode = FALSE
	EndGlobalSection
	GlobalSection(NestedProjects) = preSolution
		{DDC4D48B-2777-462D-9C79-5D755B586C19} = {1B7AFD4E-C2B7-4638-9A2E-96F86FDA9B70}
		{14467811-71B5-4E0E-B2B9-C1167ED9F957} = {1B7AFD4E-C2B7-4638-9A2E-96F86FDA9B70}
		{CF30937F-52D7-4DC8-B3CA-8323FDD62E72} = {1B7AFD4E-C2B7-4638-9A2E-96F86FDA9B70}
		{527CAB29-C50C-42B8-83E6-E995C2A8514D} = {1B7AFD4E-C2B7-4638-9A2E-96F86FDA9B70}
		{1B7AFD4E-C2B7-4638-9A2E-96F86FDA9B70} = {02EA681E-C7D8-13C7-8484-4AC65E1B71E8}
		{C6D1F2F6-B07A-4193-A072-18EC07F96157} = {02EA681E-C7D8-13C7-8484-4AC65E1B71E8}
		{14A68CD4-649C-453D-888C-9DBCC6C39097} = {C6D1F2F6-B07A-4193-A072-18EC07F96157}
		{8C670784-C024-45EE-9F35-E423F4CC6617} = {C6D1F2F6-B07A-4193-A072-18EC07F96157}
		{8F31646A-7679-413C-853A-7A867C7DD431} = {C6D1F2F6-B07A-4193-A072-18EC07F96157}
		{81402DF3-2094-453F-B3A3-8824A4DA2294} = {C6D1F2F6-B07A-4193-A072-18EC07F96157}
		{5566C1EC-7BEF-452F-8135-305020613908} = {02EA681E-C7D8-13C7-8484-4AC65E1B71E8}
		{153C9538-006A-4D4E-BF67-CA6D6BC7E305} = {02EA681E-C7D8-13C7-8484-4AC65E1B71E8}
		{88AB40E2-0E44-49CB-A840-0482B39458AB} = {153C9538-006A-4D4E-BF67-CA6D6BC7E305}
		{A74AB1CF-7C5B-40F9-BC8F-7827C19CD09C} = {153C9538-006A-4D4E-BF67-CA6D6BC7E305}
		{FD1FC5D1-58DF-4852-A01C-0DDBCCAA4F7F} = {153C9538-006A-4D4E-BF67-CA6D6BC7E305}
		{31786726-83ED-40F6-905A-7B9C55899EC8} = {153C9538-006A-4D4E-BF67-CA6D6BC7E305}
		{BA99DC89-065F-4395-9B21-3975892D0565} = {02EA681E-C7D8-13C7-8484-4AC65E1B71E8}
		{A02D0B21-554C-4170-8276-CDAE0C4BAF1A} = {02EA681E-C7D8-13C7-8484-4AC65E1B71E8}
		{2054ED71-0072-4F19-AD9B-DEFCCB8C0D6F} = {A02D0B21-554C-4170-8276-CDAE0C4BAF1A}
		{2DBE8EE4-D556-4A3D-BFA7-1CDA0712C151} = {BA99DC89-065F-4395-9B21-3975892D0565}
	EndGlobalSection
	GlobalSection(ExtensibilityGlobals) = postSolution
		SolutionGuid = {91C898EB-191A-48A6-85D1-50849D1743C0}
	EndGlobalSection
EndGlobal
